
Microsoft Visual Studio Solution File, Format Version 12.00
# Visual Studio Version 17
VisualStudioVersion = 17.6.33829.357
MinimumVisualStudioVersion = 10.0.40219.1
Project("{FAE04EC0-301F-11D3-BF4B-00C04F79EFBC}") = "WordGuesserGame", "WordGuesserGame.csproj", "{BC616F22-8735-4BE5-94DC-89E5C1E48F97}"
EndProject
Global
	GlobalSection(SolutionConfigurationPlatforms) = preSolution
		Debug|Any CPU = Debug|Any CPU
		Release|Any CPU = Release|Any CPU
	EndGlobalSection
	GlobalSection(ProjectConfigurationPlatforms) = postSolution
		{BC616F22-8735-4BE5-94DC-89E5C1E48F97}.Debug|Any CPU.ActiveCfg = Debug|Any CPU
		{BC616F22-8735-4BE5-94DC-89E5C1E48F97}.Debug|Any CPU.Build.0 = Debug|Any CPU
		{BC616F22-8735-4BE5-94DC-89E5C1E48F97}.Release|Any CPU.ActiveCfg = Release|Any CPU
		{BC616F22-8735-4BE5-94DC-89E5C1E48F97}.Release|Any CPU.Build.0 = Release|Any CPU
	EndGlobalSection
	GlobalSection(SolutionProperties) = preSolution
		HideSolutionNode = FALSE
	EndGlobalSection
	GlobalSection(ExtensibilityGlobals) = postSolution
		SolutionGuid = {77AE84B8-C019-4F89-9E28-1FEC90F7420A}
	EndGlobalSection
EndGlobal
